
Microsoft Visual Studio Solution File, Format Version 12.00
# Visual Studio Version 17
VisualStudioVersion = 17.5.33516.290
MinimumVisualStudioVersion = 10.0.40219.1
Project("{FAE04EC0-301F-11D3-BF4B-00C04F79EFBC}") = "4Desk_OHD", "4Desk_OHD.csproj", "{4159639F-7542-420A-8AF8-51FC0681FB01}"
EndProject
Global
	GlobalSection(SolutionConfigurationPlatforms) = preSolution
		Debug|Any CPU = Debug|Any CPU
		Release|Any CPU = Release|Any CPU
	EndGlobalSection
	GlobalSection(ProjectConfigurationPlatforms) = postSolution
		{4159639F-7542-420A-8AF8-51FC0681FB01}.Debug|Any CPU.ActiveCfg = Debug|Any CPU
		{4159639F-7542-420A-8AF8-51FC0681FB01}.Debug|Any CPU.Build.0 = Debug|Any CPU
		{4159639F-7542-420A-8AF8-51FC0681FB01}.Release|Any CPU.ActiveCfg = Release|Any CPU
		{4159639F-7542-420A-8AF8-51FC0681FB01}.Release|Any CPU.Build.0 = Release|Any CPU
	EndGlobalSection
	GlobalSection(SolutionProperties) = preSolution
		HideSolutionNode = FALSE
	EndGlobalSection
	GlobalSection(ExtensibilityGlobals) = postSolution
		SolutionGuid = {39CD2E7D-4080-4007-86E5-0F1F82243FA6}
	EndGlobalSection
EndGlobal
